
Microsoft Visual Studio Solution File, Format Version 12.00
# Visual Studio Version 17
VisualStudioVersion = 17.2.32602.215
MinimumVisualStudioVersion = 10.0.40219.1
Project("{9A19103F-16F7-4668-BE54-9A1E7A4F7556}") = "SkyKotApp", "SkyKotApp\SkyKotApp.csproj", "{F26E01AC-C01B-4F31-B3F7-7F62476C3B66}"
EndProject
Project("{9A19103F-16F7-4668-BE54-9A1E7A4F7556}") = "KotClassLibrary", "KotClassLibrary\KotClassLibrary.csproj", "{AC0D08A1-C930-406B-AA08-E7ECA8FF2909}"
EndProject
Project("{FAE04EC0-301F-11D3-BF4B-00C04F79EFBC}") = "SkyKotApp.Test", "SkyKotApp.Test\SkyKotApp.Test.csproj", "{D099F6F4-2FD2-41F0-94A3-99ED978ED8AE}"
EndProject
Global
	GlobalSection(SolutionConfigurationPlatforms) = preSolution
		Debug|Any CPU = Debug|Any CPU
		Release|Any CPU = Release|Any CPU
	EndGlobalSection
	GlobalSection(ProjectConfigurationPlatforms) = postSolution
		{F26E01AC-C01B-4F31-B3F7-7F62476C3B66}.Debug|Any CPU.ActiveCfg = Debug|Any CPU
		{F26E01AC-C01B-4F31-B3F7-7F62476C3B66}.Debug|Any CPU.Build.0 = Debug|Any CPU
		{F26E01AC-C01B-4F31-B3F7-7F62476C3B66}.Release|Any CPU.ActiveCfg = Release|Any CPU
		{F26E01AC-C01B-4F31-B3F7-7F62476C3B66}.Release|Any CPU.Build.0 = Release|Any CPU
		{AC0D08A1-C930-406B-AA08-E7ECA8FF2909}.Debug|Any CPU.ActiveCfg = Debug|Any CPU
		{AC0D08A1-C930-406B-AA08-E7ECA8FF2909}.Debug|Any CPU.Build.0 = Debug|Any CPU
		{AC0D08A1-C930-406B-AA08-E7ECA8FF2909}.Release|Any CPU.ActiveCfg = Release|Any CPU
		{AC0D08A1-C930-406B-AA08-E7ECA8FF2909}.Release|Any CPU.Build.0 = Release|Any CPU
		{D099F6F4-2FD2-41F0-94A3-99ED978ED8AE}.Debug|Any CPU.ActiveCfg = Debug|Any CPU
		{D099F6F4-2FD2-41F0-94A3-99ED978ED8AE}.Debug|Any CPU.Build.0 = Debug|Any CPU
		{D099F6F4-2FD2-41F0-94A3-99ED978ED8AE}.Release|Any CPU.ActiveCfg = Release|Any CPU
		{D099F6F4-2FD2-41F0-94A3-99ED978ED8AE}.Release|Any CPU.Build.0 = Release|Any CPU
	EndGlobalSection
	GlobalSection(SolutionProperties) = preSolution
		HideSolutionNode = FALSE
	EndGlobalSection
	GlobalSection(ExtensibilityGlobals) = postSolution
		SolutionGuid = {1B3AD2AA-7BD8-4868-8AC8-F8B74460C31C}
	EndGlobalSection
EndGlobal
